
Microsoft Visual Studio Solution File, Format Version 12.00
# Visual Studio Version 17
VisualStudioVersion = 17.5.33627.172
MinimumVisualStudioVersion = 10.0.40219.1
Project("{FAE04EC0-301F-11D3-BF4B-00C04F79EFBC}") = "Rainfall Api", "Rainfall\Rainfall Api.csproj", "{FF935D65-70BA-4FD1-9872-13C9400AE01A}"
EndProject
Global
	GlobalSection(SolutionConfigurationPlatforms) = preSolution
		Debug|Any CPU = Debug|Any CPU
		Release|Any CPU = Release|Any CPU
	EndGlobalSection
	GlobalSection(ProjectConfigurationPlatforms) = postSolution
		{FF935D65-70BA-4FD1-9872-13C9400AE01A}.Debug|Any CPU.ActiveCfg = Debug|Any CPU
		{FF935D65-70BA-4FD1-9872-13C9400AE01A}.Debug|Any CPU.Build.0 = Debug|Any CPU
		{FF935D65-70BA-4FD1-9872-13C9400AE01A}.Release|Any CPU.ActiveCfg = Release|Any CPU
		{FF935D65-70BA-4FD1-9872-13C9400AE01A}.Release|Any CPU.Build.0 = Release|Any CPU
	EndGlobalSection
	GlobalSection(SolutionProperties) = preSolution
		HideSolutionNode = FALSE
	EndGlobalSection
	GlobalSection(ExtensibilityGlobals) = postSolution
		SolutionGuid = {A499F97C-4D5D-4334-AF55-6AE1CF0EABF4}
	EndGlobalSection
EndGlobal
